
Microsoft Visual Studio Solution File, Format Version 12.00
# Visual Studio Version 17
VisualStudioVersion = 17.4.33205.214
MinimumVisualStudioVersion = 10.0.40219.1
Project("{8BC9CEB8-8B4A-11D0-8D11-00A0C91BC942}") = "Physics Engine D3D11", "Physics Engine D3D11.vcxproj", "{DB3156BE-81C3-4CE7-A29D-030C91CD35CA}"
EndProject
Global
	GlobalSection(SolutionConfigurationPlatforms) = preSolution
		Debug|x64 = Debug|x64
		Debug|x86 = Debug|x86
		Release|x64 = Release|x64
		Release|x86 = Release|x86
	EndGlobalSection
	GlobalSection(ProjectConfigurationPlatforms) = postSolution
		{DB3156BE-81C3-4CE7-A29D-030C91CD35CA}.Debug|x64.ActiveCfg = Debug|x64
		{DB3156BE-81C3-4CE7-A29D-030C91CD35CA}.Debug|x64.Build.0 = Debug|x64
		{DB3156BE-81C3-4CE7-A29D-030C91CD35CA}.Debug|x86.ActiveCfg = Debug|Win32
		{DB3156BE-81C3-4CE7-A29D-030C91CD35CA}.Debug|x86.Build.0 = Debug|Win32
		{DB3156BE-81C3-4CE7-A29D-030C91CD35CA}.Release|x64.ActiveCfg = Release|x64
		{DB3156BE-81C3-4CE7-A29D-030C91CD35CA}.Release|x64.Build.0 = Release|x64
		{DB3156BE-81C3-4CE7-A29D-030C91CD35CA}.Release|x86.ActiveCfg = Release|Win32
		{DB3156BE-81C3-4CE7-A29D-030C91CD35CA}.Release|x86.Build.0 = Release|Win32
	EndGlobalSection
	GlobalSection(SolutionProperties) = preSolution
		HideSolutionNode = FALSE
	EndGlobalSection
	GlobalSection(ExtensibilityGlobals) = postSolution
		SolutionGuid = {786C77B8-B43A-4174-B9FF-89574C277F0E}
	EndGlobalSection
EndGlobal
