<?xml version="1.0" encoding="utf-8"?>
<Project ToolsVersion="4.0" xmlns="http://schemas.microsoft.com/developer/msbuild/2003">
  <ItemGroup>
    <Filter Include="Source Files">
      <UniqueIdentifier>{4FC737F1-C7A5-4376-A066-2A32D752A2FF}</UniqueIdentifier>
      <Extensions>cpp;c;cc;cxx;c++;cppm;ixx;def;odl;idl;hpj;bat;asm;asmx</Extensions>
    </Filter>
    <Filter Include="Header Files">
      <UniqueIdentifier>{93995380-89BD-4b04-88EB-625FBE52EBFB}</UniqueIdentifier>
      <Extensions>h;hh;hpp;hxx;h++;hm;inl;inc;ipp;xsd</Extensions>
    </Filter>
    <Filter Include="Resource Files">
      <UniqueIdentifier>{67DA6AB6-F800-4c08-8B7A-83BB121AAD01}</UniqueIdentifier>
      <Extensions>rc;ico;cur;bmp;dlg;rc2;rct;bin;rgs;gif;jpg;jpeg;jpe;resx;tiff;tif;png;wav;mfcribbon-ms</Extensions>
    </Filter>
    <Filter Include="ErrorLogger">
      <UniqueIdentifier>{e93cc216-dc82-4697-bae4-c1a73af83c75}</UniqueIdentifier>
    </Filter>
    <Filter Include="StringConverter">
      <UniqueIdentifier>{99ca9d59-27c5-4460-a265-4ec9d1207bf2}</UniqueIdentifier>
    </Filter>
    <Filter Include="Graphics">
      <UniqueIdentifier>{99ad7dc4-ea59-43f3-9167-1258053f3eb7}</UniqueIdentifier>
    </Filter>
    <Filter Include="Graphics\Direct3D11">
      <UniqueIdentifier>{bfb9c40a-882f-4121-9257-4af755e4b39e}</UniqueIdentifier>
    </Filter>
    <Filter Include="Window">
      <UniqueIdentifier>{bec25f62-da02-4c81-8dd1-fb2d23755408}</UniqueIdentifier>
    </Filter>
  </ItemGroup>
  <ItemGroup>
    <ClInclude Include="framework.h">
      <Filter>Header Files</Filter>
    </ClInclude>
    <ClInclude Include="pch.h">
      <Filter>Header Files</Filter>
    </ClInclude>
    <ClInclude Include="wnd.h">
      <Filter>Window</Filter>
    </ClInclude>
    <ClInclude Include="dx11.h">
      <Filter>Graphics\Direct3D11</Filter>
    </ClInclude>
    <ClInclude Include="ErrorLogger.h">
      <Filter>ErrorLogger</Filter>
    </ClInclude>
    <ClInclude Include="StringConverter.h">
      <Filter>StringConverter</Filter>
    </ClInclude>
    <ClInclude Include="StringConverter.cpp">
      <Filter>StringConverter</Filter>
    </ClInclude>
    <ClInclude Include="Vertexh.h">
      <Filter>Graphics</Filter>
    </ClInclude>
  </ItemGroup>
  <ItemGroup>
    <ClCompile Include="main.cpp">
      <Filter>Source Files</Filter>
    </ClCompile>
    <ClCompile Include="pch.cpp">
      <Filter>Header Files</Filter>
    </ClCompile>
    <ClCompile Include="wnd.cpp">
      <Filter>Window</Filter>
    </ClCompile>
    <ClCompile Include="dx11.cpp">
      <Filter>Graphics\Direct3D11</Filter>
    </ClCompile>
    <ClCompile Include="ErrorLogger.cpp">
      <Filter>ErrorLogger</Filter>
    </ClCompile>
  </ItemGroup>
  <ItemGroup>
    <FxCompile Include="vertexshader.hlsl">
      <Filter>Resource Files</Filter>
    </FxCompile>
    <FxCompile Include="pixelshader.hlsl">
      <Filter>Resource Files</Filter>
    </FxCompile>
  </ItemGroup>
</Project>